// !$*UTF8*$!
{
	archiveVersion = 1;
	classes = {
	};
	objectVersion = 46;
	objects = {

/* Begin PBXBuildFile section */
		180167BA19FEDD3800F68FB2 /* AddSubscription.js in Resources */ = {isa = PBXBuildFile; fileRef = 180167B919FEDD3800F68FB2 /* AddSubscription.js */; };
		180167BB19FEE2EF00F68FB2 /* AddSubscription.js in Resources */ = {isa = PBXBuildFile; fileRef = 180167B919FEDD3800F68FB2 /* AddSubscription.js */; };
		1860972F19F7A791005161E8 /* main.m in Sources */ = {isa = PBXBuildFile; fileRef = 1860972E19F7A791005161E8 /* main.m */; };
		1860973219F7A791005161E8 /* AppDelegate.m in Sources */ = {isa = PBXBuildFile; fileRef = 1860973119F7A791005161E8 /* AppDelegate.m */; };
		1860973519F7A791005161E8 /* SmartRead.xcdatamodeld in Sources */ = {isa = PBXBuildFile; fileRef = 1860973319F7A791005161E8 /* SmartRead.xcdatamodeld */; };
		1860973819F7A791005161E8 /* ViewController.m in Sources */ = {isa = PBXBuildFile; fileRef = 1860973719F7A791005161E8 /* ViewController.m */; };
		1860973B19F7A791005161E8 /* Main.storyboard in Resources */ = {isa = PBXBuildFile; fileRef = 1860973919F7A791005161E8 /* Main.storyboard */; };
		1860973D19F7A791005161E8 /* Images.xcassets in Resources */ = {isa = PBXBuildFile; fileRef = 1860973C19F7A791005161E8 /* Images.xcassets */; };
		1860974019F7A791005161E8 /* LaunchScreen.xib in Resources */ = {isa = PBXBuildFile; fileRef = 1860973E19F7A791005161E8 /* LaunchScreen.xib */; };
		1860974C19F7A791005161E8 /* SmartReadTests.m in Sources */ = {isa = PBXBuildFile; fileRef = 1860974B19F7A791005161E8 /* SmartReadTests.m */; };
		1860975619F901C8005161E8 /* UIKit.framework in Frameworks */ = {isa = PBXBuildFile; fileRef = 1860975519F901C8005161E8 /* UIKit.framework */; };
		1860975919F90233005161E8 /* Foundation.framework in Frameworks */ = {isa = PBXBuildFile; fileRef = 1860975819F90233005161E8 /* Foundation.framework */; };
		1860975B19F90267005161E8 /* FacebookSDK.framework in Frameworks */ = {isa = PBXBuildFile; fileRef = 1860975A19F90267005161E8 /* FacebookSDK.framework */; };
		18BAE65119F94599007E8D81 /* SubscriptionsOverTableViewController.m in Sources */ = {isa = PBXBuildFile; fileRef = 18BAE65019F94599007E8D81 /* SubscriptionsOverTableViewController.m */; };
		18BAE65E19FE3ECC007E8D81 /* ActionViewController.m in Sources */ = {isa = PBXBuildFile; fileRef = 18BAE65D19FE3ECC007E8D81 /* ActionViewController.m */; };
		18BAE66019FE3ECC007E8D81 /* MainInterface.storyboard in Resources */ = {isa = PBXBuildFile; fileRef = 18BAE65F19FE3ECC007E8D81 /* MainInterface.storyboard */; };
		18BAE66319FE3ECC007E8D81 /* AddSubscriptionAction.appex in Embed App Extensions */ = {isa = PBXBuildFile; fileRef = 18BAE65819FE3ECB007E8D81 /* AddSubscriptionAction.appex */; settings = {ATTRIBUTES = (RemoveHeadersOnCopy, ); }; };
/* End PBXBuildFile section */

/* Begin PBXContainerItemProxy section */
		1860974619F7A791005161E8 /* PBXContainerItemProxy */ = {
			isa = PBXContainerItemProxy;
			containerPortal = 1860972119F7A791005161E8 /* Project object */;
			proxyType = 1;
			remoteGlobalIDString = 1860972819F7A791005161E8;
			remoteInfo = SmartRead;
		};
		18BAE66119FE3ECC007E8D81 /* PBXContainerItemProxy */ = {
			isa = PBXContainerItemProxy;
			containerPortal = 1860972119F7A791005161E8 /* Project object */;
			proxyType = 1;
			remoteGlobalIDString = 18BAE65719FE3ECB007E8D81;
			remoteInfo = AddSubscriptionAction;
		};
/* End PBXContainerItemProxy section */

/* Begin PBXCopyFilesBuildPhase section */
		18BAE66719FE3ECC007E8D81 /* Embed App Extensions */ = {
			isa = PBXCopyFilesBuildPhase;
			buildActionMask = 2147483647;
			dstPath = "";
			dstSubfolderSpec = 13;
			files = (
				18BAE66319FE3ECC007E8D81 /* AddSubscriptionAction.appex in Embed App Extensions */,
			);
			name = "Embed App Extensions";
			runOnlyForDeploymentPostprocessing = 0;
		};
/* End PBXCopyFilesBuildPhase section */

/* Begin PBXFileReference section */
		180167B919FEDD3800F68FB2 /* AddSubscription.js */ = {isa = PBXFileReference; fileEncoding = 4; lastKnownFileType = sourcecode.javascript; path = AddSubscription.js; sourceTree = "<group>"; };
		1860972919F7A791005161E8 /* SmartRead.app */ = {isa = PBXFileReference; explicitFileType = wrapper.application; includeInIndex = 0; path = SmartRead.app; sourceTree = BUILT_PRODUCTS_DIR; };
		1860972D19F7A791005161E8 /* Info.plist */ = {isa = PBXFileReference; lastKnownFileType = text.plist.xml; path = Info.plist; sourceTree = "<group>"; };
		1860972E19F7A791005161E8 /* main.m */ = {isa = PBXFileReference; lastKnownFileType = sourcecode.c.objc; path = main.m; sourceTree = "<group>"; };
		1860973019F7A791005161E8 /* AppDelegate.h */ = {isa = PBXFileReference; lastKnownFileType = sourcecode.c.h; path = AppDelegate.h; sourceTree = "<group>"; };
		1860973119F7A791005161E8 /* AppDelegate.m */ = {isa = PBXFileReference; lastKnownFileType = sourcecode.c.objc; path = AppDelegate.m; sourceTree = "<group>"; };
		1860973419F7A791005161E8 /* SmartRead.xcdatamodel */ = {isa = PBXFileReference; lastKnownFileType = wrapper.xcdatamodel; path = SmartRead.xcdatamodel; sourceTree = "<group>"; };
		1860973619F7A791005161E8 /* ViewController.h */ = {isa = PBXFileReference; lastKnownFileType = sourcecode.c.h; path = ViewController.h; sourceTree = "<group>"; };
		1860973719F7A791005161E8 /* ViewController.m */ = {isa = PBXFileReference; lastKnownFileType = sourcecode.c.objc; path = ViewController.m; sourceTree = "<group>"; };
		1860973A19F7A791005161E8 /* Base */ = {isa = PBXFileReference; lastKnownFileType = file.storyboard; name = Base; path = Base.lproj/Main.storyboard; sourceTree = "<group>"; };
		1860973C19F7A791005161E8 /* Images.xcassets */ = {isa = PBXFileReference; lastKnownFileType = folder.assetcatalog; path = Images.xcassets; sourceTree = "<group>"; };
		1860973F19F7A791005161E8 /* Base */ = {isa = PBXFileReference; lastKnownFileType = file.xib; name = Base; path = Base.lproj/LaunchScreen.xib; sourceTree = "<group>"; };
		1860974519F7A791005161E8 /* SmartReadTests.xctest */ = {isa = PBXFileReference; explicitFileType = wrapper.cfbundle; includeInIndex = 0; path = SmartReadTests.xctest; sourceTree = BUILT_PRODUCTS_DIR; };
		1860974A19F7A791005161E8 /* Info.plist */ = {isa = PBXFileReference; lastKnownFileType = text.plist.xml; path = Info.plist; sourceTree = "<group>"; };
		1860974B19F7A791005161E8 /* SmartReadTests.m */ = {isa = PBXFileReference; lastKnownFileType = sourcecode.c.objc; path = SmartReadTests.m; sourceTree = "<group>"; };
		1860975519F901C8005161E8 /* UIKit.framework */ = {isa = PBXFileReference; lastKnownFileType = wrapper.framework; name = UIKit.framework; path = System/Library/Frameworks/UIKit.framework; sourceTree = SDKROOT; };
		1860975819F90233005161E8 /* Foundation.framework */ = {isa = PBXFileReference; lastKnownFileType = wrapper.framework; name = Foundation.framework; path = System/Library/Frameworks/Foundation.framework; sourceTree = SDKROOT; };
		1860975A19F90267005161E8 /* FacebookSDK.framework */ = {isa = PBXFileReference; lastKnownFileType = wrapper.framework; name = FacebookSDK.framework; path = ../../../../../Documents/FacebookSDK/FacebookSDK.framework; sourceTree = "<group>"; };
		18BAE64F19F94599007E8D81 /* SubscriptionsOverTableViewController.h */ = {isa = PBXFileReference; fileEncoding = 4; lastKnownFileType = sourcecode.c.h; path = SubscriptionsOverTableViewController.h; sourceTree = "<group>"; };
		18BAE65019F94599007E8D81 /* SubscriptionsOverTableViewController.m */ = {isa = PBXFileReference; fileEncoding = 4; lastKnownFileType = sourcecode.c.objc; path = SubscriptionsOverTableViewController.m; sourceTree = "<group>"; };
		18BAE65819FE3ECB007E8D81 /* AddSubscriptionAction.appex */ = {isa = PBXFileReference; explicitFileType = "wrapper.app-extension"; includeInIndex = 0; path = AddSubscriptionAction.appex; sourceTree = BUILT_PRODUCTS_DIR; };
		18BAE65B19FE3ECC007E8D81 /* Info.plist */ = {isa = PBXFileReference; lastKnownFileType = text.plist.xml; path = Info.plist; sourceTree = "<group>"; };
		18BAE65C19FE3ECC007E8D81 /* ActionViewController.h */ = {isa = PBXFileReference; lastKnownFileType = sourcecode.c.h; path = ActionViewController.h; sourceTree = "<group>"; };
		18BAE65D19FE3ECC007E8D81 /* ActionViewController.m */ = {isa = PBXFileReference; lastKnownFileType = sourcecode.c.objc; path = ActionViewController.m; sourceTree = "<group>"; };
		18BAE65F19FE3ECC007E8D81 /* MainInterface.storyboard */ = {isa = PBXFileReference; lastKnownFileType = file.storyboard; path = MainInterface.storyboard; sourceTree = "<group>"; };
/* End PBXFileReference section */

/* Begin PBXFrameworksBuildPhase section */
		1860972619F7A791005161E8 /* Frameworks */ = {
			isa = PBXFrameworksBuildPhase;
			buildActionMask = 2147483647;
			files = (
				1860975919F90233005161E8 /* Foundation.framework in Frameworks */,
				1860975619F901C8005161E8 /* UIKit.framework in Frameworks */,
				1860975B19F90267005161E8 /* FacebookSDK.framework in Frameworks */,
			);
			runOnlyForDeploymentPostprocessing = 0;
		};
		1860974219F7A791005161E8 /* Frameworks */ = {
			isa = PBXFrameworksBuildPhase;
			buildActionMask = 2147483647;
			files = (
			);
			runOnlyForDeploymentPostprocessing = 0;
		};
		18BAE65519FE3ECB007E8D81 /* Frameworks */ = {
			isa = PBXFrameworksBuildPhase;
			buildActionMask = 2147483647;
			files = (
			);
			runOnlyForDeploymentPostprocessing = 0;
		};
/* End PBXFrameworksBuildPhase section */

/* Begin PBXGroup section */
		1860972019F7A791005161E8 = {
			isa = PBXGroup;
			children = (
				1860972B19F7A791005161E8 /* SmartRead */,
				1860975719F901FA005161E8 /* Frameworks */,
				1860974819F7A791005161E8 /* SmartReadTests */,
				1860972A19F7A791005161E8 /* Products */,
			);
			sourceTree = "<group>";
		};
		1860972A19F7A791005161E8 /* Products */ = {
			isa = PBXGroup;
			children = (
				1860972919F7A791005161E8 /* SmartRead.app */,
				1860974519F7A791005161E8 /* SmartReadTests.xctest */,
				18BAE65819FE3ECB007E8D81 /* AddSubscriptionAction.appex */,
			);
			name = Products;
			sourceTree = "<group>";
		};
		1860972B19F7A791005161E8 /* SmartRead */ = {
			isa = PBXGroup;
			children = (
				18BAE65319FE392F007E8D81 /* Extensions */,
				18BAE65219F945A6007E8D81 /* ViewControllers */,
				1860973019F7A791005161E8 /* AppDelegate.h */,
				1860973119F7A791005161E8 /* AppDelegate.m */,
				1860973919F7A791005161E8 /* Main.storyboard */,
				1860973C19F7A791005161E8 /* Images.xcassets */,
				1860973E19F7A791005161E8 /* LaunchScreen.xib */,
				1860973319F7A791005161E8 /* SmartRead.xcdatamodeld */,
				1860972C19F7A791005161E8 /* Supporting Files */,
			);
			path = SmartRead;
			sourceTree = "<group>";
		};
		1860972C19F7A791005161E8 /* Supporting Files */ = {
			isa = PBXGroup;
			children = (
				1860972D19F7A791005161E8 /* Info.plist */,
				1860972E19F7A791005161E8 /* main.m */,
			);
			name = "Supporting Files";
			sourceTree = "<group>";
		};
		1860974819F7A791005161E8 /* SmartReadTests */ = {
			isa = PBXGroup;
			children = (
				1860974B19F7A791005161E8 /* SmartReadTests.m */,
				1860974919F7A791005161E8 /* Supporting Files */,
			);
			path = SmartReadTests;
			sourceTree = "<group>";
		};
		1860974919F7A791005161E8 /* Supporting Files */ = {
			isa = PBXGroup;
			children = (
				1860974A19F7A791005161E8 /* Info.plist */,
			);
			name = "Supporting Files";
			sourceTree = "<group>";
		};
		1860975719F901FA005161E8 /* Frameworks */ = {
			isa = PBXGroup;
			children = (
				1860975A19F90267005161E8 /* FacebookSDK.framework */,
				1860975819F90233005161E8 /* Foundation.framework */,
				1860975519F901C8005161E8 /* UIKit.framework */,
			);
			name = Frameworks;
			sourceTree = "<group>";
		};
		18BAE65219F945A6007E8D81 /* ViewControllers */ = {
			isa = PBXGroup;
			children = (
				1860973619F7A791005161E8 /* ViewController.h */,
				1860973719F7A791005161E8 /* ViewController.m */,
				18BAE64F19F94599007E8D81 /* SubscriptionsOverTableViewController.h */,
				18BAE65019F94599007E8D81 /* SubscriptionsOverTableViewController.m */,
			);
			name = ViewControllers;
			sourceTree = "<group>";
		};
		18BAE65319FE392F007E8D81 /* Extensions */ = {
			isa = PBXGroup;
			children = (
				18BAE65919FE3ECC007E8D81 /* AddSubscriptionAction */,
			);
			name = Extensions;
			sourceTree = "<group>";
		};
		18BAE65919FE3ECC007E8D81 /* AddSubscriptionAction */ = {
			isa = PBXGroup;
			children = (
				18BAE65C19FE3ECC007E8D81 /* ActionViewController.h */,
				18BAE65D19FE3ECC007E8D81 /* ActionViewController.m */,
				18BAE65F19FE3ECC007E8D81 /* MainInterface.storyboard */,
				180167B919FEDD3800F68FB2 /* AddSubscription.js */,
				18BAE65A19FE3ECC007E8D81 /* Supporting Files */,
			);
			name = AddSubscriptionAction;
			path = ../AddSubscriptionAction;
			sourceTree = "<group>";
		};
		18BAE65A19FE3ECC007E8D81 /* Supporting Files */ = {
			isa = PBXGroup;
			children = (
				18BAE65B19FE3ECC007E8D81 /* Info.plist */,
			);
			name = "Supporting Files";
			sourceTree = "<group>";
		};
/* End PBXGroup section */

/* Begin PBXNativeTarget section */
		1860972819F7A791005161E8 /* SmartRead */ = {
			isa = PBXNativeTarget;
			buildConfigurationList = 1860974F19F7A791005161E8 /* Build configuration list for PBXNativeTarget "SmartRead" */;
			buildPhases = (
				1860972519F7A791005161E8 /* Sources */,
				1860972619F7A791005161E8 /* Frameworks */,
				1860972719F7A791005161E8 /* Resources */,
				18BAE66719FE3ECC007E8D81 /* Embed App Extensions */,
			);
			buildRules = (
			);
			dependencies = (
				18BAE66219FE3ECC007E8D81 /* PBXTargetDependency */,
			);
			name = SmartRead;
			productName = SmartRead;
			productReference = 1860972919F7A791005161E8 /* SmartRead.app */;
			productType = "com.apple.product-type.application";
		};
		1860974419F7A791005161E8 /* SmartReadTests */ = {
			isa = PBXNativeTarget;
			buildConfigurationList = 1860975219F7A791005161E8 /* Build configuration list for PBXNativeTarget "SmartReadTests" */;
			buildPhases = (
				1860974119F7A791005161E8 /* Sources */,
				1860974219F7A791005161E8 /* Frameworks */,
				1860974319F7A791005161E8 /* Resources */,
			);
			buildRules = (
			);
			dependencies = (
				1860974719F7A791005161E8 /* PBXTargetDependency */,
			);
			name = SmartReadTests;
			productName = SmartReadTests;
			productReference = 1860974519F7A791005161E8 /* SmartReadTests.xctest */;
			productType = "com.apple.product-type.bundle.unit-test";
		};
		18BAE65719FE3ECB007E8D81 /* AddSubscriptionAction */ = {
			isa = PBXNativeTarget;
			buildConfigurationList = 18BAE66419FE3ECC007E8D81 /* Build configuration list for PBXNativeTarget "AddSubscriptionAction" */;
			buildPhases = (
				18BAE65419FE3ECB007E8D81 /* Sources */,
				18BAE65519FE3ECB007E8D81 /* Frameworks */,
				18BAE65619FE3ECB007E8D81 /* Resources */,
			);
			buildRules = (
			);
			dependencies = (
			);
			name = AddSubscriptionAction;
			productName = AddSubscriptionAction;
			productReference = 18BAE65819FE3ECB007E8D81 /* AddSubscriptionAction.appex */;
			productType = "com.apple.product-type.app-extension";
		};
/* End PBXNativeTarget section */

/* Begin PBXProject section */
		1860972119F7A791005161E8 /* Project object */ = {
			isa = PBXProject;
			attributes = {
				LastUpgradeCheck = 0610;
				ORGANIZATIONNAME = "Wei, Wei";
				TargetAttributes = {
					1860972819F7A791005161E8 = {
						CreatedOnToolsVersion = 6.1;
					};
					1860974419F7A791005161E8 = {
						CreatedOnToolsVersion = 6.1;
						TestTargetID = 1860972819F7A791005161E8;
					};
					18BAE65719FE3ECB007E8D81 = {
						CreatedOnToolsVersion = 6.1;
					};
				};
			};
			buildConfigurationList = 1860972419F7A791005161E8 /* Build configuration list for PBXProject "SmartRead" */;
			compatibilityVersion = "Xcode 3.2";
			developmentRegion = English;
			hasScannedForEncodings = 0;
			knownRegions = (
				en,
				Base,
			);
			mainGroup = 1860972019F7A791005161E8;
			productRefGroup = 1860972A19F7A791005161E8 /* Products */;
			projectDirPath = "";
			projectRoot = "";
			targets = (
				1860972819F7A791005161E8 /* SmartRead */,
				1860974419F7A791005161E8 /* SmartReadTests */,
				18BAE65719FE3ECB007E8D81 /* AddSubscriptionAction */,
			);
		};
/* End PBXProject section */

/* Begin PBXResourcesBuildPhase section */
		1860972719F7A791005161E8 /* Resources */ = {
			isa = PBXResourcesBuildPhase;
			buildActionMask = 2147483647;
			files = (
				1860973B19F7A791005161E8 /* Main.storyboard in Resources */,
				1860974019F7A791005161E8 /* LaunchScreen.xib in Resources */,
				1860973D19F7A791005161E8 /* Images.xcassets in Resources */,
				180167BA19FEDD3800F68FB2 /* AddSubscription.js in Resources */,
			);
			runOnlyForDeploymentPostprocessing = 0;
		};
		1860974319F7A791005161E8 /* Resources */ = {
			isa = PBXResourcesBuildPhase;
			buildActionMask = 2147483647;
			files = (
			);
			runOnlyForDeploymentPostprocessing = 0;
		};
		18BAE65619FE3ECB007E8D81 /* Resources */ = {
			isa = PBXResourcesBuildPhase;
			buildActionMask = 2147483647;
			files = (
				180167BB19FEE2EF00F68FB2 /* AddSubscription.js in Resources */,
				18BAE66019FE3ECC007E8D81 /* MainInterface.storyboard in Resources */,
			);
			runOnlyForDeploymentPostprocessing = 0;
		};
/* End PBXResourcesBuildPhase section */

/* Begin PBXSourcesBuildPhase section */
		1860972519F7A791005161E8 /* Sources */ = {
			isa = PBXSourcesBuildPhase;
			buildActionMask = 2147483647;
			files = (
				1860973219F7A791005161E8 /* AppDelegate.m in Sources */,
				1860973519F7A791005161E8 /* SmartRead.xcdatamodeld in Sources */,
				1860973819F7A791005161E8 /* ViewController.m in Sources */,
				1860972F19F7A791005161E8 /* main.m in Sources */,
				18BAE65119F94599007E8D81 /* SubscriptionsOverTableViewController.m in Sources */,
			);
			runOnlyForDeploymentPostprocessing = 0;
		};
		1860974119F7A791005161E8 /* Sources */ = {
			isa = PBXSourcesBuildPhase;
			buildActionMask = 2147483647;
			files = (
				1860974C19F7A791005161E8 /* SmartReadTests.m in Sources */,
			);
			runOnlyForDeploymentPostprocessing = 0;
		};
		18BAE65419FE3ECB007E8D81 /* Sources */ = {
			isa = PBXSourcesBuildPhase;
			buildActionMask = 2147483647;
			files = (
				18BAE65E19FE3ECC007E8D81 /* ActionViewController.m in Sources */,
			);
			runOnlyForDeploymentPostprocessing = 0;
		};
/* End PBXSourcesBuildPhase section */

/* Begin PBXTargetDependency section */
		1860974719F7A791005161E8 /* PBXTargetDependency */ = {
			isa = PBXTargetDependency;
			target = 1860972819F7A791005161E8 /* SmartRead */;
			targetProxy = 1860974619F7A791005161E8 /* PBXContainerItemProxy */;
		};
		18BAE66219FE3ECC007E8D81 /* PBXTargetDependency */ = {
			isa = PBXTargetDependency;
			target = 18BAE65719FE3ECB007E8D81 /* AddSubscriptionAction */;
			targetProxy = 18BAE66119FE3ECC007E8D81 /* PBXContainerItemProxy */;
		};
/* End PBXTargetDependency section */

/* Begin PBXVariantGroup section */
		1860973919F7A791005161E8 /* Main.storyboard */ = {
			isa = PBXVariantGroup;
			children = (
				1860973A19F7A791005161E8 /* Base */,
			);
			name = Main.storyboard;
			sourceTree = "<group>";
		};
		1860973E19F7A791005161E8 /* LaunchScreen.xib */ = {
			isa = PBXVariantGroup;
			children = (
				1860973F19F7A791005161E8 /* Base */,
			);
			name = LaunchScreen.xib;
			sourceTree = "<group>";
		};
/* End PBXVariantGroup section */

/* Begin XCBuildConfiguration section */
		1860974D19F7A791005161E8 /* Debug */ = {
			isa = XCBuildConfiguration;
			buildSettings = {
				ALWAYS_SEARCH_USER_PATHS = NO;
				CLANG_CXX_LANGUAGE_STANDARD = "gnu++0x";
				CLANG_CXX_LIBRARY = "libc++";
				CLANG_ENABLE_MODULES = YES;
				CLANG_ENABLE_OBJC_ARC = YES;
				CLANG_WARN_BOOL_CONVERSION = YES;
				CLANG_WARN_CONSTANT_CONVERSION = YES;
				CLANG_WARN_DIRECT_OBJC_ISA_USAGE = YES_ERROR;
				CLANG_WARN_EMPTY_BODY = YES;
				CLANG_WARN_ENUM_CONVERSION = YES;
				CLANG_WARN_INT_CONVERSION = YES;
				CLANG_WARN_OBJC_ROOT_CLASS = YES_ERROR;
				CLANG_WARN_UNREACHABLE_CODE = YES;
				CLANG_WARN__DUPLICATE_METHOD_MATCH = YES;
				"CODE_SIGN_IDENTITY[sdk=iphoneos*]" = "iPhone Developer";
				COPY_PHASE_STRIP = NO;
				ENABLE_STRICT_OBJC_MSGSEND = YES;
				GCC_C_LANGUAGE_STANDARD = gnu99;
				GCC_DYNAMIC_NO_PIC = NO;
				GCC_OPTIMIZATION_LEVEL = 0;
				GCC_PREPROCESSOR_DEFINITIONS = (
					"DEBUG=1",
					"$(inherited)",
				);
				GCC_SYMBOLS_PRIVATE_EXTERN = NO;
				GCC_WARN_64_TO_32_BIT_CONVERSION = YES;
				GCC_WARN_ABOUT_RETURN_TYPE = YES_ERROR;
				GCC_WARN_UNDECLARED_SELECTOR = YES;
				GCC_WARN_UNINITIALIZED_AUTOS = YES_AGGRESSIVE;
				GCC_WARN_UNUSED_FUNCTION = YES;
				GCC_WARN_UNUSED_VARIABLE = YES;
				IPHONEOS_DEPLOYMENT_TARGET = 8.1;
				MTL_ENABLE_DEBUG_INFO = YES;
				ONLY_ACTIVE_ARCH = YES;
				SDKROOT = iphoneos;
				TARGETED_DEVICE_FAMILY = "1,2";
			};
			name = Debug;
		};
		1860974E19F7A791005161E8 /* Release */ = {
			isa = XCBuildConfiguration;
			buildSettings = {
				ALWAYS_SEARCH_USER_PATHS = NO;
				CLANG_CXX_LANGUAGE_STANDARD = "gnu++0x";
				CLANG_CXX_LIBRARY = "libc++";
				CLANG_ENABLE_MODULES = YES;
				CLANG_ENABLE_OBJC_ARC = YES;
				CLANG_WARN_BOOL_CONVERSION = YES;
				CLANG_WARN_CONSTANT_CONVERSION = YES;
				CLANG_WARN_DIRECT_OBJC_ISA_USAGE = YES_ERROR;
				CLANG_WARN_EMPTY_BODY = YES;
				CLANG_WARN_ENUM_CONVERSION = YES;
				CLANG_WARN_INT_CONVERSION = YES;
				CLANG_WARN_OBJC_ROOT_CLASS = YES_ERROR;
				CLANG_WARN_UNREACHABLE_CODE = YES;
				CLANG_WARN__DUPLICATE_METHOD_MATCH = YES;
				"CODE_SIGN_IDENTITY[sdk=iphoneos*]" = "iPhone Developer";
				COPY_PHASE_STRIP = YES;
				ENABLE_NS_ASSERTIONS = NO;
				ENABLE_STRICT_OBJC_MSGSEND = YES;
				GCC_C_LANGUAGE_STANDARD = gnu99;
				GCC_WARN_64_TO_32_BIT_CONVERSION = YES;
				GCC_WARN_ABOUT_RETURN_TYPE = YES_ERROR;
				GCC_WARN_UNDECLARED_SELECTOR = YES;
				GCC_WARN_UNINITIALIZED_AUTOS = YES_AGGRESSIVE;
				GCC_WARN_UNUSED_FUNCTION = YES;
				GCC_WARN_UNUSED_VARIABLE = YES;
				IPHONEOS_DEPLOYMENT_TARGET = 8.1;
				MTL_ENABLE_DEBUG_INFO = NO;
				SDKROOT = iphoneos;
				TARGETED_DEVICE_FAMILY = "1,2";
				VALIDATE_PRODUCT = YES;
			};
			name = Release;
		};
		1860975019F7A791005161E8 /* Debug */ = {
			isa = XCBuildConfiguration;
			buildSettings = {
				ASSETCATALOG_COMPILER_APPICON_NAME = AppIcon;
				FRAMEWORK_SEARCH_PATHS = (
					"$(inherited)",
					/Users/d053278/Documents/FacebookSDK,
				);
				INFOPLIST_FILE = SmartRead/Info.plist;
				LD_RUNPATH_SEARCH_PATHS = "$(inherited) @executable_path/Frameworks";
				PRODUCT_NAME = "$(TARGET_NAME)";
			};
			name = Debug;
		};
		1860975119F7A791005161E8 /* Release */ = {
			isa = XCBuildConfiguration;
			buildSettings = {
				ASSETCATALOG_COMPILER_APPICON_NAME = AppIcon;
				FRAMEWORK_SEARCH_PATHS = (
					"$(inherited)",
					/Users/d053278/Documents/FacebookSDK,
				);
				INFOPLIST_FILE = SmartRead/Info.plist;
				LD_RUNPATH_SEARCH_PATHS = "$(inherited) @executable_path/Frameworks";
				PRODUCT_NAME = "$(TARGET_NAME)";
			};
			name = Release;
		};
		1860975319F7A791005161E8 /* Debug */ = {
			isa = XCBuildConfiguration;
			buildSettings = {
				BUNDLE_LOADER = "$(TEST_HOST)";
				FRAMEWORK_SEARCH_PATHS = (
					"$(SDKROOT)/Developer/Library/Frameworks",
					"$(inherited)",
				);
				GCC_PREPROCESSOR_DEFINITIONS = (
					"DEBUG=1",
					"$(inherited)",
				);
				INFOPLIST_FILE = SmartReadTests/Info.plist;
				LD_RUNPATH_SEARCH_PATHS = "$(inherited) @executable_path/Frameworks @loader_path/Frameworks";
				PRODUCT_NAME = "$(TARGET_NAME)";
				TEST_HOST = "$(BUILT_PRODUCTS_DIR)/SmartRead.app/SmartRead";
			};
			name = Debug;
		};
		1860975419F7A791005161E8 /* Release */ = {
			isa = XCBuildConfiguration;
			buildSettings = {
				BUNDLE_LOADER = "$(TEST_HOST)";
				FRAMEWORK_SEARCH_PATHS = (
					"$(SDKROOT)/Developer/Library/Frameworks",
					"$(inherited)",
				);
				INFOPLIST_FILE = SmartReadTests/Info.plist;
				LD_RUNPATH_SEARCH_PATHS = "$(inherited) @executable_path/Frameworks @loader_path/Frameworks";
				PRODUCT_NAME = "$(TARGET_NAME)";
				TEST_HOST = "$(BUILT_PRODUCTS_DIR)/SmartRead.app/SmartRead";
			};
			name = Release;
		};
		18BAE66519FE3ECC007E8D81 /* Debug */ = {
			isa = XCBuildConfiguration;
			buildSettings = {
				GCC_PREPROCESSOR_DEFINITIONS = (
					"DEBUG=1",
					"$(inherited)",
				);
				INFOPLIST_FILE = AddSubscriptionAction/Info.plist;
				LD_RUNPATH_SEARCH_PATHS = "$(inherited) @executable_path/Frameworks @executable_path/../../Frameworks";
				PRODUCT_NAME = "$(TARGET_NAME)";
				SKIP_INSTALL = YES;
			};
			name = Debug;
		};
		18BAE66619FE3ECC007E8D81 /* Release */ = {
			isa = XCBuildConfiguration;
			buildSettings = {
				INFOPLIST_FILE = AddSubscriptionAction/Info.plist;
				LD_RUNPATH_SEARCH_PATHS = "$(inherited) @executable_path/Frameworks @executable_path/../../Frameworks";
				PRODUCT_NAME = "$(TARGET_NAME)";
				SKIP_INSTALL = YES;
			};
			name = Release;
		};
/* End XCBuildConfiguration section */

/* Begin XCConfigurationList section */
		1860972419F7A791005161E8 /* Build configuration list for PBXProject "SmartRead" */ = {
			isa = XCConfigurationList;
			buildConfigurations = (
				1860974D19F7A791005161E8 /* Debug */,
				1860974E19F7A791005161E8 /* Release */,
			);
			defaultConfigurationIsVisible = 0;
			defaultConfigurationName = Release;
		};
		1860974F19F7A791005161E8 /* Build configuration list for PBXNativeTarget "SmartRead" */ = {
			isa = XCConfigurationList;
			buildConfigurations = (
				1860975019F7A791005161E8 /* Debug */,
				1860975119F7A791005161E8 /* Release */,
			);
			defaultConfigurationIsVisible = 0;
			defaultConfigurationName = Release;
		};
		1860975219F7A791005161E8 /* Build configuration list for PBXNativeTarget "SmartReadTests" */ = {
			isa = XCConfigurationList;
			buildConfigurations = (
				1860975319F7A791005161E8 /* Debug */,
				1860975419F7A791005161E8 /* Release */,
			);
			defaultConfigurationIsVisible = 0;
			defaultConfigurationName = Release;
		};
		18BAE66419FE3ECC007E8D81 /* Build configuration list for PBXNativeTarget "AddSubscriptionAction" */ = {
			isa = XCConfigurationList;
			buildConfigurations = (
				18BAE66519FE3ECC007E8D81 /* Debug */,
				18BAE66619FE3ECC007E8D81 /* Release */,
			);
			defaultConfigurationIsVisible = 0;
			defaultConfigurationName = Release;
		};
/* End XCConfigurationList section */

/* Begin XCVersionGroup section */
		1860973319F7A791005161E8 /* SmartRead.xcdatamodeld */ = {
			isa = XCVersionGroup;
			children = (
				1860973419F7A791005161E8 /* SmartRead.xcdatamodel */,
			);
			currentVersion = 1860973419F7A791005161E8 /* SmartRead.xcdatamodel */;
			path = SmartRead.xcdatamodeld;
			sourceTree = "<group>";
			versionGroupType = wrapper.xcdatamodel;
		};
/* End XCVersionGroup section */
	};
	rootObject = 1860972119F7A791005161E8 /* Project object */;
}
